// !$*UTF8*$!
{
	archiveVersion = 1;
	classes = {
	};
	objectVersion = 50;
	objects = {

/* Begin PBXBuildFile section */
		9F0FBE98253E30B800604C92 /* ParksDepartmentWorkOrdersApp.swift in Sources */ = {isa = PBXBuildFile; fileRef = 9F0FBE97253E30B800604C92 /* ParksDepartmentWorkOrdersApp.swift */; };
		9F0FBE9A253E30B800604C92 /* ContentView.swift in Sources */ = {isa = PBXBuildFile; fileRef = 9F0FBE99253E30B800604C92 /* ContentView.swift */; };
		9F0FBE9C253E30B900604C92 /* Assets.xcassets in Resources */ = {isa = PBXBuildFile; fileRef = 9F0FBE9B253E30B900604C92 /* Assets.xcassets */; };
		9F0FBE9F253E30B900604C92 /* Preview Assets.xcassets in Resources */ = {isa = PBXBuildFile; fileRef = 9F0FBE9E253E30B900604C92 /* Preview Assets.xcassets */; };
		9F0FBEA1253E30B900604C92 /* Persistence.swift in Sources */ = {isa = PBXBuildFile; fileRef = 9F0FBEA0253E30B900604C92 /* Persistence.swift */; };
		9F0FBEA4253E30B900604C92 /* ParksDepartmentWorkOrders.xcdatamodeld in Sources */ = {isa = PBXBuildFile; fileRef = 9F0FBEA2253E30B900604C92 /* ParksDepartmentWorkOrders.xcdatamodeld */; };
		9F5E6C65254B6A590042A00B /* ScannerView.swift in Sources */ = {isa = PBXBuildFile; fileRef = 9F5E6C64254B6A590042A00B /* ScannerView.swift */; };
		9F5E6C68254B6AB50042A00B /* TextRecognizer.swift in Sources */ = {isa = PBXBuildFile; fileRef = 9F5E6C67254B6AB50042A00B /* TextRecognizer.swift */; };
		9F6331E225423712009AB6A2 /* DetailWorkOrderView.swift in Sources */ = {isa = PBXBuildFile; fileRef = 9F6331E125423712009AB6A2 /* DetailWorkOrderView.swift */; };
/* End PBXBuildFile section */

/* Begin PBXFileReference section */
		9F0FBE94253E30B800604C92 /* ParksDepartmentWorkOrders.app */ = {isa = PBXFileReference; explicitFileType = wrapper.application; includeInIndex = 0; path = ParksDepartmentWorkOrders.app; sourceTree = BUILT_PRODUCTS_DIR; };
		9F0FBE97253E30B800604C92 /* ParksDepartmentWorkOrdersApp.swift */ = {isa = PBXFileReference; lastKnownFileType = sourcecode.swift; path = ParksDepartmentWorkOrdersApp.swift; sourceTree = "<group>"; };
		9F0FBE99253E30B800604C92 /* ContentView.swift */ = {isa = PBXFileReference; lastKnownFileType = sourcecode.swift; path = ContentView.swift; sourceTree = "<group>"; };
		9F0FBE9B253E30B900604C92 /* Assets.xcassets */ = {isa = PBXFileReference; lastKnownFileType = folder.assetcatalog; path = Assets.xcassets; sourceTree = "<group>"; };
		9F0FBE9E253E30B900604C92 /* Preview Assets.xcassets */ = {isa = PBXFileReference; lastKnownFileType = folder.assetcatalog; path = "Preview Assets.xcassets"; sourceTree = "<group>"; };
		9F0FBEA0253E30B900604C92 /* Persistence.swift */ = {isa = PBXFileReference; lastKnownFileType = sourcecode.swift; path = Persistence.swift; sourceTree = "<group>"; };
		9F0FBEA3253E30B900604C92 /* ParksDepartmentWorkOrders.xcdatamodel */ = {isa = PBXFileReference; lastKnownFileType = wrapper.xcdatamodel; path = ParksDepartmentWorkOrders.xcdatamodel; sourceTree = "<group>"; };
		9F0FBEA5253E30B900604C92 /* Info.plist */ = {isa = PBXFileReference; lastKnownFileType = text.plist.xml; path = Info.plist; sourceTree = "<group>"; };
		9F5E6C64254B6A590042A00B /* ScannerView.swift */ = {isa = PBXFileReference; lastKnownFileType = sourcecode.swift; path = ScannerView.swift; sourceTree = "<group>"; };
		9F5E6C67254B6AB50042A00B /* TextRecognizer.swift */ = {isa = PBXFileReference; lastKnownFileType = sourcecode.swift; path = TextRecognizer.swift; sourceTree = "<group>"; };
		9F6331E125423712009AB6A2 /* DetailWorkOrderView.swift */ = {isa = PBXFileReference; lastKnownFileType = sourcecode.swift; path = DetailWorkOrderView.swift; sourceTree = "<group>"; };
/* End PBXFileReference section */

/* Begin PBXFrameworksBuildPhase section */
		9F0FBE91253E30B800604C92 /* Frameworks */ = {
			isa = PBXFrameworksBuildPhase;
			buildActionMask = 2147483647;
			files = (
			);
			runOnlyForDeploymentPostprocessing = 0;
		};
/* End PBXFrameworksBuildPhase section */

/* Begin PBXGroup section */
		9F0FBE8B253E30B800604C92 = {
			isa = PBXGroup;
			children = (
				9F0FBE96253E30B800604C92 /* ParksDepartmentWorkOrders */,
				9F0FBE95253E30B800604C92 /* Products */,
			);
			sourceTree = "<group>";
		};
		9F0FBE95253E30B800604C92 /* Products */ = {
			isa = PBXGroup;
			children = (
				9F0FBE94253E30B800604C92 /* ParksDepartmentWorkOrders.app */,
			);
			name = Products;
			sourceTree = "<group>";
		};
		9F0FBE96253E30B800604C92 /* ParksDepartmentWorkOrders */ = {
			isa = PBXGroup;
			children = (
				9F0FBE97253E30B800604C92 /* ParksDepartmentWorkOrdersApp.swift */,
				9F0FBE99253E30B800604C92 /* ContentView.swift */,
				9F5E6C64254B6A590042A00B /* ScannerView.swift */,
				9F5E6C67254B6AB50042A00B /* TextRecognizer.swift */,
				9F6331E125423712009AB6A2 /* DetailWorkOrderView.swift */,
				9F0FBE9B253E30B900604C92 /* Assets.xcassets */,
				9F0FBEA0253E30B900604C92 /* Persistence.swift */,
				9F0FBEA5253E30B900604C92 /* Info.plist */,
				9F0FBEA2253E30B900604C92 /* ParksDepartmentWorkOrders.xcdatamodeld */,
				9F0FBE9D253E30B900604C92 /* Preview Content */,
			);
			path = ParksDepartmentWorkOrders;
			sourceTree = "<group>";
		};
		9F0FBE9D253E30B900604C92 /* Preview Content */ = {
			isa = PBXGroup;
			children = (
				9F0FBE9E253E30B900604C92 /* Preview Assets.xcassets */,
			);
			path = "Preview Content";
			sourceTree = "<group>";
		};
/* End PBXGroup section */

/* Begin PBXNativeTarget section */
		9F0FBE93253E30B800604C92 /* ParksDepartmentWorkOrders */ = {
			isa = PBXNativeTarget;
			buildConfigurationList = 9F0FBEA8253E30B900604C92 /* Build configuration list for PBXNativeTarget "ParksDepartmentWorkOrders" */;
			buildPhases = (
				9F0FBE90253E30B800604C92 /* Sources */,
				9F0FBE91253E30B800604C92 /* Frameworks */,
				9F0FBE92253E30B800604C92 /* Resources */,
			);
			buildRules = (
			);
			dependencies = (
			);
			name = ParksDepartmentWorkOrders;
			productName = ParksDepartmentWorkOrders;
			productReference = 9F0FBE94253E30B800604C92 /* ParksDepartmentWorkOrders.app */;
			productType = "com.apple.product-type.application";
		};
/* End PBXNativeTarget section */

/* Begin PBXProject section */
		9F0FBE8C253E30B800604C92 /* Project object */ = {
			isa = PBXProject;
			attributes = {
				LastSwiftUpdateCheck = 1200;
				LastUpgradeCheck = 1200;
				TargetAttributes = {
					9F0FBE93253E30B800604C92 = {
						CreatedOnToolsVersion = 12.0.1;
					};
				};
			};
			buildConfigurationList = 9F0FBE8F253E30B800604C92 /* Build configuration list for PBXProject "ParksDepartmentWorkOrders" */;
			compatibilityVersion = "Xcode 9.3";
			developmentRegion = en;
			hasScannedForEncodings = 0;
			knownRegions = (
				en,
				Base,
			);
			mainGroup = 9F0FBE8B253E30B800604C92;
			productRefGroup = 9F0FBE95253E30B800604C92 /* Products */;
			projectDirPath = "";
			projectRoot = "";
			targets = (
				9F0FBE93253E30B800604C92 /* ParksDepartmentWorkOrders */,
			);
		};
/* End PBXProject section */

/* Begin PBXResourcesBuildPhase section */
		9F0FBE92253E30B800604C92 /* Resources */ = {
			isa = PBXResourcesBuildPhase;
			buildActionMask = 2147483647;
			files = (
				9F0FBE9F253E30B900604C92 /* Preview Assets.xcassets in Resources */,
				9F0FBE9C253E30B900604C92 /* Assets.xcassets in Resources */,
			);
			runOnlyForDeploymentPostprocessing = 0;
		};
/* End PBXResourcesBuildPhase section */

/* Begin PBXSourcesBuildPhase section */
		9F0FBE90253E30B800604C92 /* Sources */ = {
			isa = PBXSourcesBuildPhase;
			buildActionMask = 2147483647;
			files = (
				9F0FBEA1253E30B900604C92 /* Persistence.swift in Sources */,
				9F0FBEA4253E30B900604C92 /* ParksDepartmentWorkOrders.xcdatamodeld in Sources */,
				9F6331E225423712009AB6A2 /* DetailWorkOrderView.swift in Sources */,
				9F5E6C65254B6A590042A00B /* ScannerView.swift in Sources */,
				9F0FBE9A253E30B800604C92 /* ContentView.swift in Sources */,
				9F5E6C68254B6AB50042A00B /* TextRecognizer.swift in Sources */,
				9F0FBE98253E30B800604C92 /* ParksDepartmentWorkOrdersApp.swift in Sources */,
			);
			runOnlyForDeploymentPostprocessing = 0;
		};
/* End PBXSourcesBuildPhase section */

/* Begin XCBuildConfiguration section */
		9F0FBEA6253E30B900604C92 /* Debug */ = {
			isa = XCBuildConfiguration;
			buildSettings = {
				ALWAYS_SEARCH_USER_PATHS = NO;
				CLANG_ANALYZER_NONNULL = YES;
				CLANG_ANALYZER_NUMBER_OBJECT_CONVERSION = YES_AGGRESSIVE;
				CLANG_CXX_LANGUAGE_STANDARD = "gnu++14";
				CLANG_CXX_LIBRARY = "libc++";
				CLANG_ENABLE_MODULES = YES;
				CLANG_ENABLE_OBJC_ARC = YES;
				CLANG_ENABLE_OBJC_WEAK = YES;
				CLANG_WARN_BLOCK_CAPTURE_AUTORELEASING = YES;
				CLANG_WARN_BOOL_CONVERSION = YES;
				CLANG_WARN_COMMA = YES;
				CLANG_WARN_CONSTANT_CONVERSION = YES;
				CLANG_WARN_DEPRECATED_OBJC_IMPLEMENTATIONS = YES;
				CLANG_WARN_DIRECT_OBJC_ISA_USAGE = YES_ERROR;
				CLANG_WARN_DOCUMENTATION_COMMENTS = YES;
				CLANG_WARN_EMPTY_BODY = YES;
				CLANG_WARN_ENUM_CONVERSION = YES;
				CLANG_WARN_INFINITE_RECURSION = YES;
				CLANG_WARN_INT_CONVERSION = YES;
				CLANG_WARN_NON_LITERAL_NULL_CONVERSION = YES;
				CLANG_WARN_OBJC_IMPLICIT_RETAIN_SELF = YES;
				CLANG_WARN_OBJC_LITERAL_CONVERSION = YES;
				CLANG_WARN_OBJC_ROOT_CLASS = YES_ERROR;
				CLANG_WARN_QUOTED_INCLUDE_IN_FRAMEWORK_HEADER = YES;
				CLANG_WARN_RANGE_LOOP_ANALYSIS = YES;
				CLANG_WARN_STRICT_PROTOTYPES = YES;
				CLANG_WARN_SUSPICIOUS_MOVE = YES;
				CLANG_WARN_UNGUARDED_AVAILABILITY = YES_AGGRESSIVE;
				CLANG_WARN_UNREACHABLE_CODE = YES;
				CLANG_WARN__DUPLICATE_METHOD_MATCH = YES;
				COPY_PHASE_STRIP = NO;
				DEBUG_INFORMATION_FORMAT = dwarf;
				ENABLE_STRICT_OBJC_MSGSEND = YES;
				ENABLE_TESTABILITY = YES;
				GCC_C_LANGUAGE_STANDARD = gnu11;
				GCC_DYNAMIC_NO_PIC = NO;
				GCC_NO_COMMON_BLOCKS = YES;
				GCC_OPTIMIZATION_LEVEL = 0;
				GCC_PREPROCESSOR_DEFINITIONS = (
					"DEBUG=1",
					"$(inherited)",
				);
				GCC_WARN_64_TO_32_BIT_CONVERSION = YES;
				GCC_WARN_ABOUT_RETURN_TYPE = YES_ERROR;
				GCC_WARN_UNDECLARED_SELECTOR = YES;
				GCC_WARN_UNINITIALIZED_AUTOS = YES_AGGRESSIVE;
				GCC_WARN_UNUSED_FUNCTION = YES;
				GCC_WARN_UNUSED_VARIABLE = YES;
				IPHONEOS_DEPLOYMENT_TARGET = 14.0;
				MTL_ENABLE_DEBUG_INFO = INCLUDE_SOURCE;
				MTL_FAST_MATH = YES;
				ONLY_ACTIVE_ARCH = YES;
				SDKROOT = iphoneos;
				SWIFT_ACTIVE_COMPILATION_CONDITIONS = DEBUG;
				SWIFT_OPTIMIZATION_LEVEL = "-Onone";
			};
			name = Debug;
		};
		9F0FBEA7253E30B900604C92 /* Release */ = {
			isa = XCBuildConfiguration;
			buildSettings = {
				ALWAYS_SEARCH_USER_PATHS = NO;
				CLANG_ANALYZER_NONNULL = YES;
				CLANG_ANALYZER_NUMBER_OBJECT_CONVERSION = YES_AGGRESSIVE;
				CLANG_CXX_LANGUAGE_STANDARD = "gnu++14";
				CLANG_CXX_LIBRARY = "libc++";
				CLANG_ENABLE_MODULES = YES;
				CLANG_ENABLE_OBJC_ARC = YES;
				CLANG_ENABLE_OBJC_WEAK = YES;
				CLANG_WARN_BLOCK_CAPTURE_AUTORELEASING = YES;
				CLANG_WARN_BOOL_CONVERSION = YES;
				CLANG_WARN_COMMA = YES;
				CLANG_WARN_CONSTANT_CONVERSION = YES;
				CLANG_WARN_DEPRECATED_OBJC_IMPLEMENTATIONS = YES;
				CLANG_WARN_DIRECT_OBJC_ISA_USAGE = YES_ERROR;
				CLANG_WARN_DOCUMENTATION_COMMENTS = YES;
				CLANG_WARN_EMPTY_BODY = YES;
				CLANG_WARN_ENUM_CONVERSION = YES;
				CLANG_WARN_INFINITE_RECURSION = YES;
				CLANG_WARN_INT_CONVERSION = YES;
				CLANG_WARN_NON_LITERAL_NULL_CONVERSION = YES;
				CLANG_WARN_OBJC_IMPLICIT_RETAIN_SELF = YES;
				CLANG_WARN_OBJC_LITERAL_CONVERSION = YES;
				CLANG_WARN_OBJC_ROOT_CLASS = YES_ERROR;
				CLANG_WARN_QUOTED_INCLUDE_IN_FRAMEWORK_HEADER = YES;
				CLANG_WARN_RANGE_LOOP_ANALYSIS = YES;
				CLANG_WARN_STRICT_PROTOTYPES = YES;
				CLANG_WARN_SUSPICIOUS_MOVE = YES;
				CLANG_WARN_UNGUARDED_AVAILABILITY = YES_AGGRESSIVE;
				CLANG_WARN_UNREACHABLE_CODE = YES;
				CLANG_WARN__DUPLICATE_METHOD_MATCH = YES;
				COPY_PHASE_STRIP = NO;
				DEBUG_INFORMATION_FORMAT = "dwarf-with-dsym";
				ENABLE_NS_ASSERTIONS = NO;
				ENABLE_STRICT_OBJC_MSGSEND = YES;
				GCC_C_LANGUAGE_STANDARD = gnu11;
				GCC_NO_COMMON_BLOCKS = YES;
				GCC_WARN_64_TO_32_BIT_CONVERSION = YES;
				GCC_WARN_ABOUT_RETURN_TYPE = YES_ERROR;
				GCC_WARN_UNDECLARED_SELECTOR = YES;
				GCC_WARN_UNINITIALIZED_AUTOS = YES_AGGRESSIVE;
				GCC_WARN_UNUSED_FUNCTION = YES;
				GCC_WARN_UNUSED_VARIABLE = YES;
				IPHONEOS_DEPLOYMENT_TARGET = 14.0;
				MTL_ENABLE_DEBUG_INFO = NO;
				MTL_FAST_MATH = YES;
				SDKROOT = iphoneos;
				SWIFT_COMPILATION_MODE = wholemodule;
				SWIFT_OPTIMIZATION_LEVEL = "-O";
				VALIDATE_PRODUCT = YES;
			};
			name = Release;
		};
		9F0FBEA9253E30B900604C92 /* Debug */ = {
			isa = XCBuildConfiguration;
			buildSettings = {
				ASSETCATALOG_COMPILER_APPICON_NAME = AppIcon;
				ASSETCATALOG_COMPILER_GLOBAL_ACCENT_COLOR_NAME = AccentColor;
				CODE_SIGN_STYLE = Automatic;
				DEVELOPMENT_ASSET_PATHS = "\"ParksDepartmentWorkOrders/Preview Content\"";
				DEVELOPMENT_TEAM = 6JBM5ZNF6C;
				ENABLE_PREVIEWS = YES;
				INFOPLIST_FILE = ParksDepartmentWorkOrders/Info.plist;
				IPHONEOS_DEPLOYMENT_TARGET = 14.0;
				LD_RUNPATH_SEARCH_PATHS = (
					"$(inherited)",
					"@executable_path/Frameworks",
				);
				PRODUCT_BUNDLE_IDENTIFIER = com.swifttom.ParksDepartmentWorkOrders;
				PRODUCT_NAME = "$(TARGET_NAME)";
				SWIFT_VERSION = 5.0;
				TARGETED_DEVICE_FAMILY = "1,2";
			};
			name = Debug;
		};
		9F0FBEAA253E30B900604C92 /* Release */ = {
			isa = XCBuildConfiguration;
			buildSettings = {
				ASSETCATALOG_COMPILER_APPICON_NAME = AppIcon;
				ASSETCATALOG_COMPILER_GLOBAL_ACCENT_COLOR_NAME = AccentColor;
				CODE_SIGN_STYLE = Automatic;
				DEVELOPMENT_ASSET_PATHS = "\"ParksDepartmentWorkOrders/Preview Content\"";
				DEVELOPMENT_TEAM = 6JBM5ZNF6C;
				ENABLE_PREVIEWS = YES;
				INFOPLIST_FILE = ParksDepartmentWorkOrders/Info.plist;
				IPHONEOS_DEPLOYMENT_TARGET = 14.0;
				LD_RUNPATH_SEARCH_PATHS = (
					"$(inherited)",
					"@executable_path/Frameworks",
				);
				PRODUCT_BUNDLE_IDENTIFIER = com.swifttom.ParksDepartmentWorkOrders;
				PRODUCT_NAME = "$(TARGET_NAME)";
				SWIFT_VERSION = 5.0;
				TARGETED_DEVICE_FAMILY = "1,2";
			};
			name = Release;
		};
/* End XCBuildConfiguration section */

/* Begin XCConfigurationList section */
		9F0FBE8F253E30B800604C92 /* Build configuration list for PBXProject "ParksDepartmentWorkOrders" */ = {
			isa = XCConfigurationList;
			buildConfigurations = (
				9F0FBEA6253E30B900604C92 /* Debug */,
				9F0FBEA7253E30B900604C92 /* Release */,
			);
			defaultConfigurationIsVisible = 0;
			defaultConfigurationName = Release;
		};
		9F0FBEA8253E30B900604C92 /* Build configuration list for PBXNativeTarget "ParksDepartmentWorkOrders" */ = {
			isa = XCConfigurationList;
			buildConfigurations = (
				9F0FBEA9253E30B900604C92 /* Debug */,
				9F0FBEAA253E30B900604C92 /* Release */,
			);
			defaultConfigurationIsVisible = 0;
			defaultConfigurationName = Release;
		};
/* End XCConfigurationList section */

/* Begin XCVersionGroup section */
		9F0FBEA2253E30B900604C92 /* ParksDepartmentWorkOrders.xcdatamodeld */ = {
			isa = XCVersionGroup;
			children = (
				9F0FBEA3253E30B900604C92 /* ParksDepartmentWorkOrders.xcdatamodel */,
			);
			currentVersion = 9F0FBEA3253E30B900604C92 /* ParksDepartmentWorkOrders.xcdatamodel */;
			path = ParksDepartmentWorkOrders.xcdatamodeld;
			sourceTree = "<group>";
			versionGroupType = wrapper.xcdatamodel;
		};
/* End XCVersionGroup section */
	};
	rootObject = 9F0FBE8C253E30B800604C92 /* Project object */;
}
